
Microsoft Visual Studio Solution File, Format Version 12.00
# Visual Studio Version 16
VisualStudioVersion = 16.0.31829.152
MinimumVisualStudioVersion = 10.0.40219.1
Project("{9A19103F-16F7-4668-BE54-9A1E7A4F7556}") = "Neusta.CompanyService.Api", "Neusta.CompanyService.Api\Neusta.CompanyService.Api.csproj", "{8820EE56-A5B2-4008-A26F-82F73AD8A419}"
EndProject
Project("{2150E333-8FDC-42A3-9474-1A3956D46DE8}") = "src", "src", "{7F65AB66-2F24-47F9-B058-429B4B1F918D}"
EndProject
Project("{2150E333-8FDC-42A3-9474-1A3956D46DE8}") = "Applications", "Applications", "{53281774-90A9-433B-B82C-B45DD7E5A232}"
EndProject
Project("{2150E333-8FDC-42A3-9474-1A3956D46DE8}") = "Domains", "Domains", "{AC458DFB-FC82-4602-A5A0-0C0AF07A7132}"
EndProject
Project("{2150E333-8FDC-42A3-9474-1A3956D46DE8}") = "Infrastuctures", "Infrastuctures", "{0E3DA183-0D9B-40B7-B384-0566F10DD4ED}"
EndProject
Project("{2150E333-8FDC-42A3-9474-1A3956D46DE8}") = "Tests", "Tests", "{1977A431-A56B-4F34-B781-4DF68DC47435}"
EndProject
Project("{2150E333-8FDC-42A3-9474-1A3956D46DE8}") = "Applications", "Applications", "{B04DADFC-134A-48FB-BB50-CE5979122E09}"
EndProject
Project("{2150E333-8FDC-42A3-9474-1A3956D46DE8}") = "Domains", "Domains", "{62CBCD2D-303F-4512-B00E-2690158F0A68}"
EndProject
Project("{2150E333-8FDC-42A3-9474-1A3956D46DE8}") = "Infrastucutres", "Infrastucutres", "{DBDE7683-8657-4769-A18F-9D600A95B2E5}"
EndProject
Project("{9A19103F-16F7-4668-BE54-9A1E7A4F7556}") = "Neusta.CompanyService.Abstraction", "Neusta.CompanyService.Abstraction\Neusta.CompanyService.Abstraction.csproj", "{405BFDB9-D58C-45F9-A595-619027B13AEA}"
EndProject
Project("{9A19103F-16F7-4668-BE54-9A1E7A4F7556}") = "Neusta.CompanyService.Database.Abstraction", "Neusta.CompanyService.Database.Abstraction\Neusta.CompanyService.Database.Abstraction.csproj", "{4A3B9A1A-61CB-4FCF-9457-5276BC3ABB68}"
EndProject
Project("{9A19103F-16F7-4668-BE54-9A1E7A4F7556}") = "Neusta.CompanyService.Database", "Neusta.CompanyService.Database\Neusta.CompanyService.Database.csproj", "{8CE50C3F-707A-4445-A47A-CC302908D0D2}"
EndProject
Project("{9A19103F-16F7-4668-BE54-9A1E7A4F7556}") = "Neusta.CompanyService", "Neusta.CompanyService\Neusta.CompanyService.csproj", "{6FAD1F53-CF0C-4886-AE72-5D8928553990}"
EndProject
Project("{9A19103F-16F7-4668-BE54-9A1E7A4F7556}") = "Neusta.CompanyService.Api.Test", "Neusta.CompanyService.Api.Test\Neusta.CompanyService.Api.Test.csproj", "{B4EBE699-E4B2-42A0-A62E-DB9E9A247E17}"
EndProject
Project("{9A19103F-16F7-4668-BE54-9A1E7A4F7556}") = "Neusta.CompanyService.Test", "Neusta.CompanyService.Test\Neusta.CompanyService.Test.csproj", "{F42D2E31-C2AD-41AF-9AAF-B0C35C6768DA}"
EndProject
Project("{9A19103F-16F7-4668-BE54-9A1E7A4F7556}") = "Neusta.CompanyService.Database.Api", "Neusta.CompanyService.Database.Api\Neusta.CompanyService.Database.Api.csproj", "{6401A327-8EDF-4A1C-B80C-ACA683ADA499}"
EndProject
Project("{9A19103F-16F7-4668-BE54-9A1E7A4F7556}") = "Neusta.CompamyService.Gui", "Neusta.CompamyService.Gui\Neusta.CompamyService.Gui.csproj", "{42433D75-2751-4075-B674-F3712A40EDE4}"
EndProject
Global
	GlobalSection(SolutionConfigurationPlatforms) = preSolution
		Debug|Any CPU = Debug|Any CPU
		Release|Any CPU = Release|Any CPU
	EndGlobalSection
	GlobalSection(ProjectConfigurationPlatforms) = postSolution
		{8820EE56-A5B2-4008-A26F-82F73AD8A419}.Debug|Any CPU.ActiveCfg = Debug|Any CPU
		{8820EE56-A5B2-4008-A26F-82F73AD8A419}.Debug|Any CPU.Build.0 = Debug|Any CPU
		{8820EE56-A5B2-4008-A26F-82F73AD8A419}.Release|Any CPU.ActiveCfg = Release|Any CPU
		{8820EE56-A5B2-4008-A26F-82F73AD8A419}.Release|Any CPU.Build.0 = Release|Any CPU
		{405BFDB9-D58C-45F9-A595-619027B13AEA}.Debug|Any CPU.ActiveCfg = Debug|Any CPU
		{405BFDB9-D58C-45F9-A595-619027B13AEA}.Debug|Any CPU.Build.0 = Debug|Any CPU
		{405BFDB9-D58C-45F9-A595-619027B13AEA}.Release|Any CPU.ActiveCfg = Release|Any CPU
		{405BFDB9-D58C-45F9-A595-619027B13AEA}.Release|Any CPU.Build.0 = Release|Any CPU
		{4A3B9A1A-61CB-4FCF-9457-5276BC3ABB68}.Debug|Any CPU.ActiveCfg = Debug|Any CPU
		{4A3B9A1A-61CB-4FCF-9457-5276BC3ABB68}.Debug|Any CPU.Build.0 = Debug|Any CPU
		{4A3B9A1A-61CB-4FCF-9457-5276BC3ABB68}.Release|Any CPU.ActiveCfg = Release|Any CPU
		{4A3B9A1A-61CB-4FCF-9457-5276BC3ABB68}.Release|Any CPU.Build.0 = Release|Any CPU
		{8CE50C3F-707A-4445-A47A-CC302908D0D2}.Debug|Any CPU.ActiveCfg = Debug|Any CPU
		{8CE50C3F-707A-4445-A47A-CC302908D0D2}.Debug|Any CPU.Build.0 = Debug|Any CPU
		{8CE50C3F-707A-4445-A47A-CC302908D0D2}.Release|Any CPU.ActiveCfg = Release|Any CPU
		{8CE50C3F-707A-4445-A47A-CC302908D0D2}.Release|Any CPU.Build.0 = Release|Any CPU
		{6FAD1F53-CF0C-4886-AE72-5D8928553990}.Debug|Any CPU.ActiveCfg = Debug|Any CPU
		{6FAD1F53-CF0C-4886-AE72-5D8928553990}.Debug|Any CPU.Build.0 = Debug|Any CPU
		{6FAD1F53-CF0C-4886-AE72-5D8928553990}.Release|Any CPU.ActiveCfg = Release|Any CPU
		{6FAD1F53-CF0C-4886-AE72-5D8928553990}.Release|Any CPU.Build.0 = Release|Any CPU
		{B4EBE699-E4B2-42A0-A62E-DB9E9A247E17}.Debug|Any CPU.ActiveCfg = Debug|Any CPU
		{B4EBE699-E4B2-42A0-A62E-DB9E9A247E17}.Debug|Any CPU.Build.0 = Debug|Any CPU
		{B4EBE699-E4B2-42A0-A62E-DB9E9A247E17}.Release|Any CPU.ActiveCfg = Release|Any CPU
		{B4EBE699-E4B2-42A0-A62E-DB9E9A247E17}.Release|Any CPU.Build.0 = Release|Any CPU
		{F42D2E31-C2AD-41AF-9AAF-B0C35C6768DA}.Debug|Any CPU.ActiveCfg = Debug|Any CPU
		{F42D2E31-C2AD-41AF-9AAF-B0C35C6768DA}.Debug|Any CPU.Build.0 = Debug|Any CPU
		{F42D2E31-C2AD-41AF-9AAF-B0C35C6768DA}.Release|Any CPU.ActiveCfg = Release|Any CPU
		{F42D2E31-C2AD-41AF-9AAF-B0C35C6768DA}.Release|Any CPU.Build.0 = Release|Any CPU
		{6401A327-8EDF-4A1C-B80C-ACA683ADA499}.Debug|Any CPU.ActiveCfg = Debug|Any CPU
		{6401A327-8EDF-4A1C-B80C-ACA683ADA499}.Debug|Any CPU.Build.0 = Debug|Any CPU
		{6401A327-8EDF-4A1C-B80C-ACA683ADA499}.Release|Any CPU.ActiveCfg = Release|Any CPU
		{6401A327-8EDF-4A1C-B80C-ACA683ADA499}.Release|Any CPU.Build.0 = Release|Any CPU
		{42433D75-2751-4075-B674-F3712A40EDE4}.Debug|Any CPU.ActiveCfg = Debug|Any CPU
		{42433D75-2751-4075-B674-F3712A40EDE4}.Debug|Any CPU.Build.0 = Debug|Any CPU
		{42433D75-2751-4075-B674-F3712A40EDE4}.Release|Any CPU.ActiveCfg = Release|Any CPU
		{42433D75-2751-4075-B674-F3712A40EDE4}.Release|Any CPU.Build.0 = Release|Any CPU
	EndGlobalSection
	GlobalSection(SolutionProperties) = preSolution
		HideSolutionNode = FALSE
	EndGlobalSection
	GlobalSection(NestedProjects) = preSolution
		{8820EE56-A5B2-4008-A26F-82F73AD8A419} = {53281774-90A9-433B-B82C-B45DD7E5A232}
		{53281774-90A9-433B-B82C-B45DD7E5A232} = {7F65AB66-2F24-47F9-B058-429B4B1F918D}
		{AC458DFB-FC82-4602-A5A0-0C0AF07A7132} = {7F65AB66-2F24-47F9-B058-429B4B1F918D}
		{0E3DA183-0D9B-40B7-B384-0566F10DD4ED} = {7F65AB66-2F24-47F9-B058-429B4B1F918D}
		{B04DADFC-134A-48FB-BB50-CE5979122E09} = {1977A431-A56B-4F34-B781-4DF68DC47435}
		{62CBCD2D-303F-4512-B00E-2690158F0A68} = {1977A431-A56B-4F34-B781-4DF68DC47435}
		{DBDE7683-8657-4769-A18F-9D600A95B2E5} = {1977A431-A56B-4F34-B781-4DF68DC47435}
		{405BFDB9-D58C-45F9-A595-619027B13AEA} = {AC458DFB-FC82-4602-A5A0-0C0AF07A7132}
		{4A3B9A1A-61CB-4FCF-9457-5276BC3ABB68} = {0E3DA183-0D9B-40B7-B384-0566F10DD4ED}
		{8CE50C3F-707A-4445-A47A-CC302908D0D2} = {0E3DA183-0D9B-40B7-B384-0566F10DD4ED}
		{6FAD1F53-CF0C-4886-AE72-5D8928553990} = {AC458DFB-FC82-4602-A5A0-0C0AF07A7132}
		{B4EBE699-E4B2-42A0-A62E-DB9E9A247E17} = {B04DADFC-134A-48FB-BB50-CE5979122E09}
		{F42D2E31-C2AD-41AF-9AAF-B0C35C6768DA} = {62CBCD2D-303F-4512-B00E-2690158F0A68}
		{6401A327-8EDF-4A1C-B80C-ACA683ADA499} = {DBDE7683-8657-4769-A18F-9D600A95B2E5}
		{42433D75-2751-4075-B674-F3712A40EDE4} = {53281774-90A9-433B-B82C-B45DD7E5A232}
	EndGlobalSection
	GlobalSection(ExtensibilityGlobals) = postSolution
		SolutionGuid = {CBC96688-832B-4A29-BB31-9DDA3FA4CA56}
	EndGlobalSection
EndGlobal
